// !$*UTF8*$!
{
	archiveVersion = 1;
	classes = {
	};
	objectVersion = 50;
	objects = {

/* Begin PBXBuildFile section */
		9A6195C72751F8FA00E577ED /* AppDelegate.swift in Sources */ = {isa = PBXBuildFile; fileRef = 9A6195C62751F8FA00E577ED /* AppDelegate.swift */; };
		9A6195C92751F8FA00E577ED /* SceneDelegate.swift in Sources */ = {isa = PBXBuildFile; fileRef = 9A6195C82751F8FA00E577ED /* SceneDelegate.swift */; };
		9A6195CB2751F8FA00E577ED /* ViewController.swift in Sources */ = {isa = PBXBuildFile; fileRef = 9A6195CA2751F8FA00E577ED /* ViewController.swift */; };
		9A6195CE2751F8FA00E577ED /* Main.storyboard in Resources */ = {isa = PBXBuildFile; fileRef = 9A6195CC2751F8FA00E577ED /* Main.storyboard */; };
		9A6195D02751F8FC00E577ED /* Assets.xcassets in Resources */ = {isa = PBXBuildFile; fileRef = 9A6195CF2751F8FC00E577ED /* Assets.xcassets */; };
		9A6195D32751F8FC00E577ED /* LaunchScreen.storyboard in Resources */ = {isa = PBXBuildFile; fileRef = 9A6195D12751F8FC00E577ED /* LaunchScreen.storyboard */; };
		9A6195E12751FAF800E577ED /* SecondVC.swift in Sources */ = {isa = PBXBuildFile; fileRef = 9A6195E02751FAF800E577ED /* SecondVC.swift */; };
		9A6195E32751FB2A00E577ED /* FirstVC.swift in Sources */ = {isa = PBXBuildFile; fileRef = 9A6195E22751FB2A00E577ED /* FirstVC.swift */; };
/* End PBXBuildFile section */

/* Begin PBXFileReference section */
		9A6195C32751F8FA00E577ED /* week7.app */ = {isa = PBXFileReference; explicitFileType = wrapper.application; includeInIndex = 0; path = week7.app; sourceTree = BUILT_PRODUCTS_DIR; };
		9A6195C62751F8FA00E577ED /* AppDelegate.swift */ = {isa = PBXFileReference; lastKnownFileType = sourcecode.swift; path = AppDelegate.swift; sourceTree = "<group>"; };
		9A6195C82751F8FA00E577ED /* SceneDelegate.swift */ = {isa = PBXFileReference; lastKnownFileType = sourcecode.swift; path = SceneDelegate.swift; sourceTree = "<group>"; };
		9A6195CA2751F8FA00E577ED /* ViewController.swift */ = {isa = PBXFileReference; lastKnownFileType = sourcecode.swift; path = ViewController.swift; sourceTree = "<group>"; };
		9A6195CD2751F8FA00E577ED /* Base */ = {isa = PBXFileReference; lastKnownFileType = file.storyboard; name = Base; path = Base.lproj/Main.storyboard; sourceTree = "<group>"; };
		9A6195CF2751F8FC00E577ED /* Assets.xcassets */ = {isa = PBXFileReference; lastKnownFileType = folder.assetcatalog; path = Assets.xcassets; sourceTree = "<group>"; };
		9A6195D22751F8FC00E577ED /* Base */ = {isa = PBXFileReference; lastKnownFileType = file.storyboard; name = Base; path = Base.lproj/LaunchScreen.storyboard; sourceTree = "<group>"; };
		9A6195D42751F8FC00E577ED /* Info.plist */ = {isa = PBXFileReference; lastKnownFileType = text.plist.xml; path = Info.plist; sourceTree = "<group>"; };
		9A6195E02751FAF800E577ED /* SecondVC.swift */ = {isa = PBXFileReference; lastKnownFileType = sourcecode.swift; path = SecondVC.swift; sourceTree = "<group>"; };
		9A6195E22751FB2A00E577ED /* FirstVC.swift */ = {isa = PBXFileReference; lastKnownFileType = sourcecode.swift; path = FirstVC.swift; sourceTree = "<group>"; };
/* End PBXFileReference section */

/* Begin PBXFrameworksBuildPhase section */
		9A6195C02751F8FA00E577ED /* Frameworks */ = {
			isa = PBXFrameworksBuildPhase;
			buildActionMask = 2147483647;
			files = (
			);
			runOnlyForDeploymentPostprocessing = 0;
		};
/* End PBXFrameworksBuildPhase section */

/* Begin PBXGroup section */
		9A6195BA2751F8FA00E577ED = {
			isa = PBXGroup;
			children = (
				9A6195C52751F8FA00E577ED /* week7 */,
				9A6195C42751F8FA00E577ED /* Products */,
			);
			sourceTree = "<group>";
		};
		9A6195C42751F8FA00E577ED /* Products */ = {
			isa = PBXGroup;
			children = (
				9A6195C32751F8FA00E577ED /* week7.app */,
			);
			name = Products;
			sourceTree = "<group>";
		};
		9A6195C52751F8FA00E577ED /* week7 */ = {
			isa = PBXGroup;
			children = (
				9A6195C62751F8FA00E577ED /* AppDelegate.swift */,
				9A6195C82751F8FA00E577ED /* SceneDelegate.swift */,
				9A6195CA2751F8FA00E577ED /* ViewController.swift */,
				9A6195CC2751F8FA00E577ED /* Main.storyboard */,
				9A6195E22751FB2A00E577ED /* FirstVC.swift */,
				9A6195E02751FAF800E577ED /* SecondVC.swift */,
				9A6195CF2751F8FC00E577ED /* Assets.xcassets */,
				9A6195D12751F8FC00E577ED /* LaunchScreen.storyboard */,
				9A6195D42751F8FC00E577ED /* Info.plist */,
			);
			path = week7;
			sourceTree = "<group>";
		};
/* End PBXGroup section */

/* Begin PBXNativeTarget section */
		9A6195C22751F8FA00E577ED /* week7 */ = {
			isa = PBXNativeTarget;
			buildConfigurationList = 9A6195D72751F8FC00E577ED /* Build configuration list for PBXNativeTarget "week7" */;
			buildPhases = (
				9A6195BF2751F8FA00E577ED /* Sources */,
				9A6195C02751F8FA00E577ED /* Frameworks */,
				9A6195C12751F8FA00E577ED /* Resources */,
			);
			buildRules = (
			);
			dependencies = (
			);
			name = week7;
			productName = week7;
			productReference = 9A6195C32751F8FA00E577ED /* week7.app */;
			productType = "com.apple.product-type.application";
		};
/* End PBXNativeTarget section */

/* Begin PBXProject section */
		9A6195BB2751F8FA00E577ED /* Project object */ = {
			isa = PBXProject;
			attributes = {
				LastSwiftUpdateCheck = 1250;
				LastUpgradeCheck = 1250;
				TargetAttributes = {
					9A6195C22751F8FA00E577ED = {
						CreatedOnToolsVersion = 12.5.1;
					};
				};
			};
			buildConfigurationList = 9A6195BE2751F8FA00E577ED /* Build configuration list for PBXProject "week7" */;
			compatibilityVersion = "Xcode 9.3";
			developmentRegion = en;
			hasScannedForEncodings = 0;
			knownRegions = (
				en,
				Base,
			);
			mainGroup = 9A6195BA2751F8FA00E577ED;
			productRefGroup = 9A6195C42751F8FA00E577ED /* Products */;
			projectDirPath = "";
			projectRoot = "";
			targets = (
				9A6195C22751F8FA00E577ED /* week7 */,
			);
		};
/* End PBXProject section */

/* Begin PBXResourcesBuildPhase section */
		9A6195C12751F8FA00E577ED /* Resources */ = {
			isa = PBXResourcesBuildPhase;
			buildActionMask = 2147483647;
			files = (
				9A6195D32751F8FC00E577ED /* LaunchScreen.storyboard in Resources */,
				9A6195D02751F8FC00E577ED /* Assets.xcassets in Resources */,
				9A6195CE2751F8FA00E577ED /* Main.storyboard in Resources */,
			);
			runOnlyForDeploymentPostprocessing = 0;
		};
/* End PBXResourcesBuildPhase section */

/* Begin PBXSourcesBuildPhase section */
		9A6195BF2751F8FA00E577ED /* Sources */ = {
			isa = PBXSourcesBuildPhase;
			buildActionMask = 2147483647;
			files = (
				9A6195CB2751F8FA00E577ED /* ViewController.swift in Sources */,
				9A6195E12751FAF800E577ED /* SecondVC.swift in Sources */,
				9A6195C72751F8FA00E577ED /* AppDelegate.swift in Sources */,
				9A6195E32751FB2A00E577ED /* FirstVC.swift in Sources */,
				9A6195C92751F8FA00E577ED /* SceneDelegate.swift in Sources */,
			);
			runOnlyForDeploymentPostprocessing = 0;
		};
/* End PBXSourcesBuildPhase section */

/* Begin PBXVariantGroup section */
		9A6195CC2751F8FA00E577ED /* Main.storyboard */ = {
			isa = PBXVariantGroup;
			children = (
				9A6195CD2751F8FA00E577ED /* Base */,
			);
			name = Main.storyboard;
			sourceTree = "<group>";
		};
		9A6195D12751F8FC00E577ED /* LaunchScreen.storyboard */ = {
			isa = PBXVariantGroup;
			children = (
				9A6195D22751F8FC00E577ED /* Base */,
			);
			name = LaunchScreen.storyboard;
			sourceTree = "<group>";
		};
/* End PBXVariantGroup section */

/* Begin XCBuildConfiguration section */
		9A6195D52751F8FC00E577ED /* Debug */ = {
			isa = XCBuildConfiguration;
			buildSettings = {
				ALWAYS_SEARCH_USER_PATHS = NO;
				CLANG_ANALYZER_NONNULL = YES;
				CLANG_ANALYZER_NUMBER_OBJECT_CONVERSION = YES_AGGRESSIVE;
				CLANG_CXX_LANGUAGE_STANDARD = "gnu++14";
				CLANG_CXX_LIBRARY = "libc++";
				CLANG_ENABLE_MODULES = YES;
				CLANG_ENABLE_OBJC_ARC = YES;
				CLANG_ENABLE_OBJC_WEAK = YES;
				CLANG_WARN_BLOCK_CAPTURE_AUTORELEASING = YES;
				CLANG_WARN_BOOL_CONVERSION = YES;
				CLANG_WARN_COMMA = YES;
				CLANG_WARN_CONSTANT_CONVERSION = YES;
				CLANG_WARN_DEPRECATED_OBJC_IMPLEMENTATIONS = YES;
				CLANG_WARN_DIRECT_OBJC_ISA_USAGE = YES_ERROR;
				CLANG_WARN_DOCUMENTATION_COMMENTS = YES;
				CLANG_WARN_EMPTY_BODY = YES;
				CLANG_WARN_ENUM_CONVERSION = YES;
				CLANG_WARN_INFINITE_RECURSION = YES;
				CLANG_WARN_INT_CONVERSION = YES;
				CLANG_WARN_NON_LITERAL_NULL_CONVERSION = YES;
				CLANG_WARN_OBJC_IMPLICIT_RETAIN_SELF = YES;
				CLANG_WARN_OBJC_LITERAL_CONVERSION = YES;
				CLANG_WARN_OBJC_ROOT_CLASS = YES_ERROR;
				CLANG_WARN_QUOTED_INCLUDE_IN_FRAMEWORK_HEADER = YES;
				CLANG_WARN_RANGE_LOOP_ANALYSIS = YES;
				CLANG_WARN_STRICT_PROTOTYPES = YES;
				CLANG_WARN_SUSPICIOUS_MOVE = YES;
				CLANG_WARN_UNGUARDED_AVAILABILITY = YES_AGGRESSIVE;
				CLANG_WARN_UNREACHABLE_CODE = YES;
				CLANG_WARN__DUPLICATE_METHOD_MATCH = YES;
				COPY_PHASE_STRIP = NO;
				DEBUG_INFORMATION_FORMAT = dwarf;
				ENABLE_STRICT_OBJC_MSGSEND = YES;
				ENABLE_TESTABILITY = YES;
				GCC_C_LANGUAGE_STANDARD = gnu11;
				GCC_DYNAMIC_NO_PIC = NO;
				GCC_NO_COMMON_BLOCKS = YES;
				GCC_OPTIMIZATION_LEVEL = 0;
				GCC_PREPROCESSOR_DEFINITIONS = (
					"DEBUG=1",
					"$(inherited)",
				);
				GCC_WARN_64_TO_32_BIT_CONVERSION = YES;
				GCC_WARN_ABOUT_RETURN_TYPE = YES_ERROR;
				GCC_WARN_UNDECLARED_SELECTOR = YES;
				GCC_WARN_UNINITIALIZED_AUTOS = YES_AGGRESSIVE;
				GCC_WARN_UNUSED_FUNCTION = YES;
				GCC_WARN_UNUSED_VARIABLE = YES;
				IPHONEOS_DEPLOYMENT_TARGET = 14.5;
				MTL_ENABLE_DEBUG_INFO = INCLUDE_SOURCE;
				MTL_FAST_MATH = YES;
				ONLY_ACTIVE_ARCH = YES;
				SDKROOT = iphoneos;
				SWIFT_ACTIVE_COMPILATION_CONDITIONS = DEBUG;
				SWIFT_OPTIMIZATION_LEVEL = "-Onone";
			};
			name = Debug;
		};
		9A6195D62751F8FC00E577ED /* Release */ = {
			isa = XCBuildConfiguration;
			buildSettings = {
				ALWAYS_SEARCH_USER_PATHS = NO;
				CLANG_ANALYZER_NONNULL = YES;
				CLANG_ANALYZER_NUMBER_OBJECT_CONVERSION = YES_AGGRESSIVE;
				CLANG_CXX_LANGUAGE_STANDARD = "gnu++14";
				CLANG_CXX_LIBRARY = "libc++";
				CLANG_ENABLE_MODULES = YES;
				CLANG_ENABLE_OBJC_ARC = YES;
				CLANG_ENABLE_OBJC_WEAK = YES;
				CLANG_WARN_BLOCK_CAPTURE_AUTORELEASING = YES;
				CLANG_WARN_BOOL_CONVERSION = YES;
				CLANG_WARN_COMMA = YES;
				CLANG_WARN_CONSTANT_CONVERSION = YES;
				CLANG_WARN_DEPRECATED_OBJC_IMPLEMENTATIONS = YES;
				CLANG_WARN_DIRECT_OBJC_ISA_USAGE = YES_ERROR;
				CLANG_WARN_DOCUMENTATION_COMMENTS = YES;
				CLANG_WARN_EMPTY_BODY = YES;
				CLANG_WARN_ENUM_CONVERSION = YES;
				CLANG_WARN_INFINITE_RECURSION = YES;
				CLANG_WARN_INT_CONVERSION = YES;
				CLANG_WARN_NON_LITERAL_NULL_CONVERSION = YES;
				CLANG_WARN_OBJC_IMPLICIT_RETAIN_SELF = YES;
				CLANG_WARN_OBJC_LITERAL_CONVERSION = YES;
				CLANG_WARN_OBJC_ROOT_CLASS = YES_ERROR;
				CLANG_WARN_QUOTED_INCLUDE_IN_FRAMEWORK_HEADER = YES;
				CLANG_WARN_RANGE_LOOP_ANALYSIS = YES;
				CLANG_WARN_STRICT_PROTOTYPES = YES;
				CLANG_WARN_SUSPICIOUS_MOVE = YES;
				CLANG_WARN_UNGUARDED_AVAILABILITY = YES_AGGRESSIVE;
				CLANG_WARN_UNREACHABLE_CODE = YES;
				CLANG_WARN__DUPLICATE_METHOD_MATCH = YES;
				COPY_PHASE_STRIP = NO;
				DEBUG_INFORMATION_FORMAT = "dwarf-with-dsym";
				ENABLE_NS_ASSERTIONS = NO;
				ENABLE_STRICT_OBJC_MSGSEND = YES;
				GCC_C_LANGUAGE_STANDARD = gnu11;
				GCC_NO_COMMON_BLOCKS = YES;
				GCC_WARN_64_TO_32_BIT_CONVERSION = YES;
				GCC_WARN_ABOUT_RETURN_TYPE = YES_ERROR;
				GCC_WARN_UNDECLARED_SELECTOR = YES;
				GCC_WARN_UNINITIALIZED_AUTOS = YES_AGGRESSIVE;
				GCC_WARN_UNUSED_FUNCTION = YES;
				GCC_WARN_UNUSED_VARIABLE = YES;
				IPHONEOS_DEPLOYMENT_TARGET = 14.5;
				MTL_ENABLE_DEBUG_INFO = NO;
				MTL_FAST_MATH = YES;
				SDKROOT = iphoneos;
				SWIFT_COMPILATION_MODE = wholemodule;
				SWIFT_OPTIMIZATION_LEVEL = "-O";
				VALIDATE_PRODUCT = YES;
			};
			name = Release;
		};
		9A6195D82751F8FC00E577ED /* Debug */ = {
			isa = XCBuildConfiguration;
			buildSettings = {
				ASSETCATALOG_COMPILER_APPICON_NAME = AppIcon;
				ASSETCATALOG_COMPILER_GLOBAL_ACCENT_COLOR_NAME = AccentColor;
				CODE_SIGN_STYLE = Automatic;
				INFOPLIST_FILE = week7/Info.plist;
				LD_RUNPATH_SEARCH_PATHS = (
					"$(inherited)",
					"@executable_path/Frameworks",
				);
				PRODUCT_BUNDLE_IDENTIFIER = seondal.week7;
				PRODUCT_NAME = "$(TARGET_NAME)";
				SWIFT_VERSION = 5.0;
				TARGETED_DEVICE_FAMILY = "1,2";
			};
			name = Debug;
		};
		9A6195D92751F8FC00E577ED /* Release */ = {
			isa = XCBuildConfiguration;
			buildSettings = {
				ASSETCATALOG_COMPILER_APPICON_NAME = AppIcon;
				ASSETCATALOG_COMPILER_GLOBAL_ACCENT_COLOR_NAME = AccentColor;
				CODE_SIGN_STYLE = Automatic;
				INFOPLIST_FILE = week7/Info.plist;
				LD_RUNPATH_SEARCH_PATHS = (
					"$(inherited)",
					"@executable_path/Frameworks",
				);
				PRODUCT_BUNDLE_IDENTIFIER = seondal.week7;
				PRODUCT_NAME = "$(TARGET_NAME)";
				SWIFT_VERSION = 5.0;
				TARGETED_DEVICE_FAMILY = "1,2";
			};
			name = Release;
		};
/* End XCBuildConfiguration section */

/* Begin XCConfigurationList section */
		9A6195BE2751F8FA00E577ED /* Build configuration list for PBXProject "week7" */ = {
			isa = XCConfigurationList;
			buildConfigurations = (
				9A6195D52751F8FC00E577ED /* Debug */,
				9A6195D62751F8FC00E577ED /* Release */,
			);
			defaultConfigurationIsVisible = 0;
			defaultConfigurationName = Release;
		};
		9A6195D72751F8FC00E577ED /* Build configuration list for PBXNativeTarget "week7" */ = {
			isa = XCConfigurationList;
			buildConfigurations = (
				9A6195D82751F8FC00E577ED /* Debug */,
				9A6195D92751F8FC00E577ED /* Release */,
			);
			defaultConfigurationIsVisible = 0;
			defaultConfigurationName = Release;
		};
/* End XCConfigurationList section */
	};
	rootObject = 9A6195BB2751F8FA00E577ED /* Project object */;
}
